
Microsoft Visual Studio Solution File, Format Version 12.00
# Visual Studio Version 17
VisualStudioVersion = 17.14.36301.6 d17.14
MinimumVisualStudioVersion = 10.0.40219.1
Project("{FAE04EC0-301F-11D3-BF4B-00C04F79EFBC}") = "RagBackend", "RagBackend\RagBackend.csproj", "{F7BCA0BF-6293-4477-A844-2C740BACEFF0}"
EndProject
Global
	GlobalSection(SolutionConfigurationPlatforms) = preSolution
		Debug|Any CPU = Debug|Any CPU
		Release|Any CPU = Release|Any CPU
	EndGlobalSection
	GlobalSection(ProjectConfigurationPlatforms) = postSolution
		{F7BCA0BF-6293-4477-A844-2C740BACEFF0}.Debug|Any CPU.ActiveCfg = Debug|Any CPU
		{F7BCA0BF-6293-4477-A844-2C740BACEFF0}.Debug|Any CPU.Build.0 = Debug|Any CPU
		{F7BCA0BF-6293-4477-A844-2C740BACEFF0}.Release|Any CPU.ActiveCfg = Release|Any CPU
		{F7BCA0BF-6293-4477-A844-2C740BACEFF0}.Release|Any CPU.Build.0 = Release|Any CPU
	EndGlobalSection
	GlobalSection(SolutionProperties) = preSolution
		HideSolutionNode = FALSE
	EndGlobalSection
	GlobalSection(ExtensibilityGlobals) = postSolution
		SolutionGuid = {1BAD9BCE-DD76-4994-B1F4-7E6421B49E5C}
	EndGlobalSection
EndGlobal
